[root]
name = "client"
version = "0.0.1"
dependencies = [
 "shared 0.0.1",
]

[[package]]
name = "protobuf"
version = "1.0.18"
source = "registry+https://github.com/rust-lang/crates.io-index"

[[package]]
name = "shared"
version = "0.0.1"
dependencies = [
 "protobuf 1.0.18 (registry+https://github.com/rust-lang/crates.io-index)",
]

